{
  "skills": {
    "domain-modeling": {
      "checksum": "9ead6a6c1916d48f88f4f1f1ba19e323ae8037e8b70998d9fa01229f5fb84212",
      "commit": "24fe0ef7737efae15c87225755e9f6f5965e4888",
      "path": "skills/engineering/domain-modeling",
      "ref": "main",
      "repo": "https://github.com/mattpocock/skills"
    },
    "grill-me": {
      "checksum": "711e23322fe6a33d3b81bd6005f1325b52c45306d5658151d4ccb7649ff7bc0a",
      "commit": "24fe0ef7737efae15c87225755e9f6f5965e4888",
      "path": "skills/productivity/grill-me",
      "ref": "main",
      "repo": "https://github.com/mattpocock/skills"
    },
    "grilling": {
      "checksum": "fcc02a6a7a434590ef45ea4a58272ea46ea03046da3ad7c3fe100d25d6cc0c5d",
      "commit": "24fe0ef7737efae15c87225755e9f6f5965e4888",
      "path": "skills/productivity/grilling",
      "ref": "main",
      "repo": "https://github.com/mattpocock/skills"
    },
    "writing-for-agents": {
      "checksum": "c547369028f139f3c2380d32d07e5d8b29861bb8f665d07c3be9b029cbac33a9",
      "commit": "24fe0ef7737efae15c87225755e9f6f5965e4888",
      "path": "skills/productivity/writing-for-agents",
      "ref": "main",
      "repo": "https://github.com/mattpocock/skills"
    }
  }
}
